// !$*UTF8*$!
{
	archiveVersion = 1;
	classes = {
	};
	objectVersion = 56;
	objects = {

/* Begin PBXBuildFile section */
		F62B18222C73E47500158AA8 /* WeatherAppSwiftUIApp.swift in Sources */ = {isa = PBXBuildFile; fileRef = F62B18212C73E47500158AA8 /* WeatherAppSwiftUIApp.swift */; };
		F62B18242C73E47500158AA8 /* ContentView.swift in Sources */ = {isa = PBXBuildFile; fileRef = F62B18232C73E47500158AA8 /* ContentView.swift */; };
		F62B18262C73E47600158AA8 /* Assets.xcassets in Resources */ = {isa = PBXBuildFile; fileRef = F62B18252C73E47600158AA8 /* Assets.xcassets */; };
		F62B18292C73E47600158AA8 /* Preview Assets.xcassets in Resources */ = {isa = PBXBuildFile; fileRef = F62B18282C73E47600158AA8 /* Preview Assets.xcassets */; };
		F62B18332C73E47600158AA8 /* WeatherAppSwiftUITests.swift in Sources */ = {isa = PBXBuildFile; fileRef = F62B18322C73E47600158AA8 /* WeatherAppSwiftUITests.swift */; };
		F62B183D2C73E47600158AA8 /* WeatherAppSwiftUIUITests.swift in Sources */ = {isa = PBXBuildFile; fileRef = F62B183C2C73E47600158AA8 /* WeatherAppSwiftUIUITests.swift */; };
		F62B183F2C73E47600158AA8 /* WeatherAppSwiftUIUITestsLaunchTests.swift in Sources */ = {isa = PBXBuildFile; fileRef = F62B183E2C73E47600158AA8 /* WeatherAppSwiftUIUITestsLaunchTests.swift */; };
		F62B18542C73E9FD00158AA8 /* Api.swift in Sources */ = {isa = PBXBuildFile; fileRef = F62B18532C73E9FD00158AA8 /* Api.swift */; };
		F62B18562C73EA1800158AA8 /* ApiInfo.swift in Sources */ = {isa = PBXBuildFile; fileRef = F62B18552C73EA1800158AA8 /* ApiInfo.swift */; };
		F62B18582C73EA3D00158AA8 /* Extensions.swift in Sources */ = {isa = PBXBuildFile; fileRef = F62B18572C73EA3D00158AA8 /* Extensions.swift */; };
		F62B185E2C73EA8D00158AA8 /* CurrentWeather.swift in Sources */ = {isa = PBXBuildFile; fileRef = F62B18592C73EA8D00158AA8 /* CurrentWeather.swift */; };
		F62B185F2C73EA8D00158AA8 /* DailyForecast.swift in Sources */ = {isa = PBXBuildFile; fileRef = F62B185A2C73EA8D00158AA8 /* DailyForecast.swift */; };
		F62B18602C73EA8D00158AA8 /* WeatherType.swift in Sources */ = {isa = PBXBuildFile; fileRef = F62B185B2C73EA8D00158AA8 /* WeatherType.swift */; };
		F62B18612C73EA8D00158AA8 /* WeeklyForecast.swift in Sources */ = {isa = PBXBuildFile; fileRef = F62B185C2C73EA8D00158AA8 /* WeeklyForecast.swift */; };
		F62B18622C73EA8D00158AA8 /* SearchLocation.swift in Sources */ = {isa = PBXBuildFile; fileRef = F62B185D2C73EA8D00158AA8 /* SearchLocation.swift */; };
/* End PBXBuildFile section */

/* Begin PBXContainerItemProxy section */
		F62B182F2C73E47600158AA8 /* PBXContainerItemProxy */ = {
			isa = PBXContainerItemProxy;
			containerPortal = F62B18162C73E47500158AA8 /* Project object */;
			proxyType = 1;
			remoteGlobalIDString = F62B181D2C73E47500158AA8;
			remoteInfo = WeatherAppSwiftUI;
		};
		F62B18392C73E47600158AA8 /* PBXContainerItemProxy */ = {
			isa = PBXContainerItemProxy;
			containerPortal = F62B18162C73E47500158AA8 /* Project object */;
			proxyType = 1;
			remoteGlobalIDString = F62B181D2C73E47500158AA8;
			remoteInfo = WeatherAppSwiftUI;
		};
/* End PBXContainerItemProxy section */

/* Begin PBXFileReference section */
		F62B181E2C73E47500158AA8 /* WeatherAppSwiftUI.app */ = {isa = PBXFileReference; explicitFileType = wrapper.application; includeInIndex = 0; path = WeatherAppSwiftUI.app; sourceTree = BUILT_PRODUCTS_DIR; };
		F62B18212C73E47500158AA8 /* WeatherAppSwiftUIApp.swift */ = {isa = PBXFileReference; lastKnownFileType = sourcecode.swift; path = WeatherAppSwiftUIApp.swift; sourceTree = "<group>"; };
		F62B18232C73E47500158AA8 /* ContentView.swift */ = {isa = PBXFileReference; lastKnownFileType = sourcecode.swift; path = ContentView.swift; sourceTree = "<group>"; };
		F62B18252C73E47600158AA8 /* Assets.xcassets */ = {isa = PBXFileReference; lastKnownFileType = folder.assetcatalog; path = Assets.xcassets; sourceTree = "<group>"; };
		F62B18282C73E47600158AA8 /* Preview Assets.xcassets */ = {isa = PBXFileReference; lastKnownFileType = folder.assetcatalog; path = "Preview Assets.xcassets"; sourceTree = "<group>"; };
		F62B182E2C73E47600158AA8 /* WeatherAppSwiftUITests.xctest */ = {isa = PBXFileReference; explicitFileType = wrapper.cfbundle; includeInIndex = 0; path = WeatherAppSwiftUITests.xctest; sourceTree = BUILT_PRODUCTS_DIR; };
		F62B18322C73E47600158AA8 /* WeatherAppSwiftUITests.swift */ = {isa = PBXFileReference; lastKnownFileType = sourcecode.swift; path = WeatherAppSwiftUITests.swift; sourceTree = "<group>"; };
		F62B18382C73E47600158AA8 /* WeatherAppSwiftUIUITests.xctest */ = {isa = PBXFileReference; explicitFileType = wrapper.cfbundle; includeInIndex = 0; path = WeatherAppSwiftUIUITests.xctest; sourceTree = BUILT_PRODUCTS_DIR; };
		F62B183C2C73E47600158AA8 /* WeatherAppSwiftUIUITests.swift */ = {isa = PBXFileReference; lastKnownFileType = sourcecode.swift; path = WeatherAppSwiftUIUITests.swift; sourceTree = "<group>"; };
		F62B183E2C73E47600158AA8 /* WeatherAppSwiftUIUITestsLaunchTests.swift */ = {isa = PBXFileReference; lastKnownFileType = sourcecode.swift; path = WeatherAppSwiftUIUITestsLaunchTests.swift; sourceTree = "<group>"; };
		F62B184F2C73E8F900158AA8 /* WeeklyForecast.json */ = {isa = PBXFileReference; lastKnownFileType = text.json; name = WeeklyForecast.json; path = ../../../WeatherApp/WeatherApp/SampleJSONs/WeeklyForecast.json; sourceTree = "<group>"; };
		F62B18502C73E8F900158AA8 /* CurrentWeatherVancouver.json */ = {isa = PBXFileReference; lastKnownFileType = text.json; name = CurrentWeatherVancouver.json; path = ../../../WeatherApp/WeatherApp/SampleJSONs/CurrentWeatherVancouver.json; sourceTree = "<group>"; };
		F62B18512C73E8F900158AA8 /* CurrentWeather.json */ = {isa = PBXFileReference; lastKnownFileType = text.json; name = CurrentWeather.json; path = ../../../WeatherApp/WeatherApp/SampleJSONs/CurrentWeather.json; sourceTree = "<group>"; };
		F62B18522C73E8F900158AA8 /* SearchLocation.json */ = {isa = PBXFileReference; lastKnownFileType = text.json; name = SearchLocation.json; path = ../../../WeatherApp/WeatherApp/SampleJSONs/SearchLocation.json; sourceTree = "<group>"; };
		F62B18532C73E9FD00158AA8 /* Api.swift */ = {isa = PBXFileReference; lastKnownFileType = sourcecode.swift; path = Api.swift; sourceTree = "<group>"; };
		F62B18552C73EA1800158AA8 /* ApiInfo.swift */ = {isa = PBXFileReference; lastKnownFileType = sourcecode.swift; path = ApiInfo.swift; sourceTree = "<group>"; };
		F62B18572C73EA3D00158AA8 /* Extensions.swift */ = {isa = PBXFileReference; lastKnownFileType = sourcecode.swift; path = Extensions.swift; sourceTree = "<group>"; };
		F62B18592C73EA8D00158AA8 /* CurrentWeather.swift */ = {isa = PBXFileReference; fileEncoding = 4; lastKnownFileType = sourcecode.swift; path = CurrentWeather.swift; sourceTree = "<group>"; };
		F62B185A2C73EA8D00158AA8 /* DailyForecast.swift */ = {isa = PBXFileReference; fileEncoding = 4; lastKnownFileType = sourcecode.swift; path = DailyForecast.swift; sourceTree = "<group>"; };
		F62B185B2C73EA8D00158AA8 /* WeatherType.swift */ = {isa = PBXFileReference; fileEncoding = 4; lastKnownFileType = sourcecode.swift; path = WeatherType.swift; sourceTree = "<group>"; };
		F62B185C2C73EA8D00158AA8 /* WeeklyForecast.swift */ = {isa = PBXFileReference; fileEncoding = 4; lastKnownFileType = sourcecode.swift; path = WeeklyForecast.swift; sourceTree = "<group>"; };
		F62B185D2C73EA8D00158AA8 /* SearchLocation.swift */ = {isa = PBXFileReference; fileEncoding = 4; lastKnownFileType = sourcecode.swift; path = SearchLocation.swift; sourceTree = "<group>"; };
/* End PBXFileReference section */

/* Begin PBXFrameworksBuildPhase section */
		F62B181B2C73E47500158AA8 /* Frameworks */ = {
			isa = PBXFrameworksBuildPhase;
			buildActionMask = 2147483647;
			files = (
			);
			runOnlyForDeploymentPostprocessing = 0;
		};
		F62B182B2C73E47600158AA8 /* Frameworks */ = {
			isa = PBXFrameworksBuildPhase;
			buildActionMask = 2147483647;
			files = (
			);
			runOnlyForDeploymentPostprocessing = 0;
		};
		F62B18352C73E47600158AA8 /* Frameworks */ = {
			isa = PBXFrameworksBuildPhase;
			buildActionMask = 2147483647;
			files = (
			);
			runOnlyForDeploymentPostprocessing = 0;
		};
/* End PBXFrameworksBuildPhase section */

/* Begin PBXGroup section */
		F62B18152C73E47500158AA8 = {
			isa = PBXGroup;
			children = (
				F62B18202C73E47500158AA8 /* WeatherAppSwiftUI */,
				F62B18312C73E47600158AA8 /* WeatherAppSwiftUITests */,
				F62B183B2C73E47600158AA8 /* WeatherAppSwiftUIUITests */,
				F62B181F2C73E47500158AA8 /* Products */,
			);
			sourceTree = "<group>";
		};
		F62B181F2C73E47500158AA8 /* Products */ = {
			isa = PBXGroup;
			children = (
				F62B181E2C73E47500158AA8 /* WeatherAppSwiftUI.app */,
				F62B182E2C73E47600158AA8 /* WeatherAppSwiftUITests.xctest */,
				F62B18382C73E47600158AA8 /* WeatherAppSwiftUIUITests.xctest */,
			);
			name = Products;
			sourceTree = "<group>";
		};
		F62B18202C73E47500158AA8 /* WeatherAppSwiftUI */ = {
			isa = PBXGroup;
			children = (
				F62B18252C73E47600158AA8 /* Assets.xcassets */,
				F62B18272C73E47600158AA8 /* Preview Content */,
				F62B184B2C73E83C00158AA8 /* App */,
				F62B184C2C73E87200158AA8 /* Models */,
				F62B184D2C73E88100158AA8 /* ViewModels */,
				F62B184E2C73E8AD00158AA8 /* SampleJSONs */,
			);
			path = WeatherAppSwiftUI;
			sourceTree = "<group>";
		};
		F62B18272C73E47600158AA8 /* Preview Content */ = {
			isa = PBXGroup;
			children = (
				F62B18282C73E47600158AA8 /* Preview Assets.xcassets */,
			);
			path = "Preview Content";
			sourceTree = "<group>";
		};
		F62B18312C73E47600158AA8 /* WeatherAppSwiftUITests */ = {
			isa = PBXGroup;
			children = (
				F62B18322C73E47600158AA8 /* WeatherAppSwiftUITests.swift */,
			);
			path = WeatherAppSwiftUITests;
			sourceTree = "<group>";
		};
		F62B183B2C73E47600158AA8 /* WeatherAppSwiftUIUITests */ = {
			isa = PBXGroup;
			children = (
				F62B183C2C73E47600158AA8 /* WeatherAppSwiftUIUITests.swift */,
				F62B183E2C73E47600158AA8 /* WeatherAppSwiftUIUITestsLaunchTests.swift */,
			);
			path = WeatherAppSwiftUIUITests;
			sourceTree = "<group>";
		};
		F62B184B2C73E83C00158AA8 /* App */ = {
			isa = PBXGroup;
			children = (
				F62B18212C73E47500158AA8 /* WeatherAppSwiftUIApp.swift */,
				F62B18232C73E47500158AA8 /* ContentView.swift */,
				F62B18532C73E9FD00158AA8 /* Api.swift */,
				F62B18552C73EA1800158AA8 /* ApiInfo.swift */,
				F62B18572C73EA3D00158AA8 /* Extensions.swift */,
			);
			path = App;
			sourceTree = "<group>";
		};
		F62B184C2C73E87200158AA8 /* Models */ = {
			isa = PBXGroup;
			children = (
				F62B18592C73EA8D00158AA8 /* CurrentWeather.swift */,
				F62B185A2C73EA8D00158AA8 /* DailyForecast.swift */,
				F62B185D2C73EA8D00158AA8 /* SearchLocation.swift */,
				F62B185B2C73EA8D00158AA8 /* WeatherType.swift */,
				F62B185C2C73EA8D00158AA8 /* WeeklyForecast.swift */,
			);
			path = Models;
			sourceTree = "<group>";
		};
		F62B184D2C73E88100158AA8 /* ViewModels */ = {
			isa = PBXGroup;
			children = (
			);
			path = ViewModels;
			sourceTree = "<group>";
		};
		F62B184E2C73E8AD00158AA8 /* SampleJSONs */ = {
			isa = PBXGroup;
			children = (
				F62B18512C73E8F900158AA8 /* CurrentWeather.json */,
				F62B18502C73E8F900158AA8 /* CurrentWeatherVancouver.json */,
				F62B18522C73E8F900158AA8 /* SearchLocation.json */,
				F62B184F2C73E8F900158AA8 /* WeeklyForecast.json */,
			);
			path = SampleJSONs;
			sourceTree = "<group>";
		};
/* End PBXGroup section */

/* Begin PBXNativeTarget section */
		F62B181D2C73E47500158AA8 /* WeatherAppSwiftUI */ = {
			isa = PBXNativeTarget;
			buildConfigurationList = F62B18422C73E47600158AA8 /* Build configuration list for PBXNativeTarget "WeatherAppSwiftUI" */;
			buildPhases = (
				F62B181A2C73E47500158AA8 /* Sources */,
				F62B181B2C73E47500158AA8 /* Frameworks */,
				F62B181C2C73E47500158AA8 /* Resources */,
			);
			buildRules = (
			);
			dependencies = (
			);
			name = WeatherAppSwiftUI;
			productName = WeatherAppSwiftUI;
			productReference = F62B181E2C73E47500158AA8 /* WeatherAppSwiftUI.app */;
			productType = "com.apple.product-type.application";
		};
		F62B182D2C73E47600158AA8 /* WeatherAppSwiftUITests */ = {
			isa = PBXNativeTarget;
			buildConfigurationList = F62B18452C73E47600158AA8 /* Build configuration list for PBXNativeTarget "WeatherAppSwiftUITests" */;
			buildPhases = (
				F62B182A2C73E47600158AA8 /* Sources */,
				F62B182B2C73E47600158AA8 /* Frameworks */,
				F62B182C2C73E47600158AA8 /* Resources */,
			);
			buildRules = (
			);
			dependencies = (
				F62B18302C73E47600158AA8 /* PBXTargetDependency */,
			);
			name = WeatherAppSwiftUITests;
			productName = WeatherAppSwiftUITests;
			productReference = F62B182E2C73E47600158AA8 /* WeatherAppSwiftUITests.xctest */;
			productType = "com.apple.product-type.bundle.unit-test";
		};
		F62B18372C73E47600158AA8 /* WeatherAppSwiftUIUITests */ = {
			isa = PBXNativeTarget;
			buildConfigurationList = F62B18482C73E47600158AA8 /* Build configuration list for PBXNativeTarget "WeatherAppSwiftUIUITests" */;
			buildPhases = (
				F62B18342C73E47600158AA8 /* Sources */,
				F62B18352C73E47600158AA8 /* Frameworks */,
				F62B18362C73E47600158AA8 /* Resources */,
			);
			buildRules = (
			);
			dependencies = (
				F62B183A2C73E47600158AA8 /* PBXTargetDependency */,
			);
			name = WeatherAppSwiftUIUITests;
			productName = WeatherAppSwiftUIUITests;
			productReference = F62B18382C73E47600158AA8 /* WeatherAppSwiftUIUITests.xctest */;
			productType = "com.apple.product-type.bundle.ui-testing";
		};
/* End PBXNativeTarget section */

/* Begin PBXProject section */
		F62B18162C73E47500158AA8 /* Project object */ = {
			isa = PBXProject;
			attributes = {
				BuildIndependentTargetsInParallel = 1;
				LastSwiftUpdateCheck = 1540;
				LastUpgradeCheck = 1540;
				TargetAttributes = {
					F62B181D2C73E47500158AA8 = {
						CreatedOnToolsVersion = 15.4;
					};
					F62B182D2C73E47600158AA8 = {
						CreatedOnToolsVersion = 15.4;
						TestTargetID = F62B181D2C73E47500158AA8;
					};
					F62B18372C73E47600158AA8 = {
						CreatedOnToolsVersion = 15.4;
						TestTargetID = F62B181D2C73E47500158AA8;
					};
				};
			};
			buildConfigurationList = F62B18192C73E47500158AA8 /* Build configuration list for PBXProject "WeatherAppSwiftUI" */;
			compatibilityVersion = "Xcode 14.0";
			developmentRegion = en;
			hasScannedForEncodings = 0;
			knownRegions = (
				en,
				Base,
			);
			mainGroup = F62B18152C73E47500158AA8;
			productRefGroup = F62B181F2C73E47500158AA8 /* Products */;
			projectDirPath = "";
			projectRoot = "";
			targets = (
				F62B181D2C73E47500158AA8 /* WeatherAppSwiftUI */,
				F62B182D2C73E47600158AA8 /* WeatherAppSwiftUITests */,
				F62B18372C73E47600158AA8 /* WeatherAppSwiftUIUITests */,
			);
		};
/* End PBXProject section */

/* Begin PBXResourcesBuildPhase section */
		F62B181C2C73E47500158AA8 /* Resources */ = {
			isa = PBXResourcesBuildPhase;
			buildActionMask = 2147483647;
			files = (
				F62B18292C73E47600158AA8 /* Preview Assets.xcassets in Resources */,
				F62B18262C73E47600158AA8 /* Assets.xcassets in Resources */,
			);
			runOnlyForDeploymentPostprocessing = 0;
		};
		F62B182C2C73E47600158AA8 /* Resources */ = {
			isa = PBXResourcesBuildPhase;
			buildActionMask = 2147483647;
			files = (
			);
			runOnlyForDeploymentPostprocessing = 0;
		};
		F62B18362C73E47600158AA8 /* Resources */ = {
			isa = PBXResourcesBuildPhase;
			buildActionMask = 2147483647;
			files = (
			);
			runOnlyForDeploymentPostprocessing = 0;
		};
/* End PBXResourcesBuildPhase section */

/* Begin PBXSourcesBuildPhase section */
		F62B181A2C73E47500158AA8 /* Sources */ = {
			isa = PBXSourcesBuildPhase;
			buildActionMask = 2147483647;
			files = (
				F62B185F2C73EA8D00158AA8 /* DailyForecast.swift in Sources */,
				F62B18582C73EA3D00158AA8 /* Extensions.swift in Sources */,
				F62B18542C73E9FD00158AA8 /* Api.swift in Sources */,
				F62B18242C73E47500158AA8 /* ContentView.swift in Sources */,
				F62B18612C73EA8D00158AA8 /* WeeklyForecast.swift in Sources */,
				F62B18562C73EA1800158AA8 /* ApiInfo.swift in Sources */,
				F62B185E2C73EA8D00158AA8 /* CurrentWeather.swift in Sources */,
				F62B18602C73EA8D00158AA8 /* WeatherType.swift in Sources */,
				F62B18622C73EA8D00158AA8 /* SearchLocation.swift in Sources */,
				F62B18222C73E47500158AA8 /* WeatherAppSwiftUIApp.swift in Sources */,
			);
			runOnlyForDeploymentPostprocessing = 0;
		};
		F62B182A2C73E47600158AA8 /* Sources */ = {
			isa = PBXSourcesBuildPhase;
			buildActionMask = 2147483647;
			files = (
				F62B18332C73E47600158AA8 /* WeatherAppSwiftUITests.swift in Sources */,
			);
			runOnlyForDeploymentPostprocessing = 0;
		};
		F62B18342C73E47600158AA8 /* Sources */ = {
			isa = PBXSourcesBuildPhase;
			buildActionMask = 2147483647;
			files = (
				F62B183D2C73E47600158AA8 /* WeatherAppSwiftUIUITests.swift in Sources */,
				F62B183F2C73E47600158AA8 /* WeatherAppSwiftUIUITestsLaunchTests.swift in Sources */,
			);
			runOnlyForDeploymentPostprocessing = 0;
		};
/* End PBXSourcesBuildPhase section */

/* Begin PBXTargetDependency section */
		F62B18302C73E47600158AA8 /* PBXTargetDependency */ = {
			isa = PBXTargetDependency;
			target = F62B181D2C73E47500158AA8 /* WeatherAppSwiftUI */;
			targetProxy = F62B182F2C73E47600158AA8 /* PBXContainerItemProxy */;
		};
		F62B183A2C73E47600158AA8 /* PBXTargetDependency */ = {
			isa = PBXTargetDependency;
			target = F62B181D2C73E47500158AA8 /* WeatherAppSwiftUI */;
			targetProxy = F62B18392C73E47600158AA8 /* PBXContainerItemProxy */;
		};
/* End PBXTargetDependency section */

/* Begin XCBuildConfiguration section */
		F62B18402C73E47600158AA8 /* Debug */ = {
			isa = XCBuildConfiguration;
			buildSettings = {
				ALWAYS_SEARCH_USER_PATHS = NO;
				ASSETCATALOG_COMPILER_GENERATE_SWIFT_ASSET_SYMBOL_EXTENSIONS = YES;
				CLANG_ANALYZER_NONNULL = YES;
				CLANG_ANALYZER_NUMBER_OBJECT_CONVERSION = YES_AGGRESSIVE;
				CLANG_CXX_LANGUAGE_STANDARD = "gnu++20";
				CLANG_ENABLE_MODULES = YES;
				CLANG_ENABLE_OBJC_ARC = YES;
				CLANG_ENABLE_OBJC_WEAK = YES;
				CLANG_WARN_BLOCK_CAPTURE_AUTORELEASING = YES;
				CLANG_WARN_BOOL_CONVERSION = YES;
				CLANG_WARN_COMMA = YES;
				CLANG_WARN_CONSTANT_CONVERSION = YES;
				CLANG_WARN_DEPRECATED_OBJC_IMPLEMENTATIONS = YES;
				CLANG_WARN_DIRECT_OBJC_ISA_USAGE = YES_ERROR;
				CLANG_WARN_DOCUMENTATION_COMMENTS = YES;
				CLANG_WARN_EMPTY_BODY = YES;
				CLANG_WARN_ENUM_CONVERSION = YES;
				CLANG_WARN_INFINITE_RECURSION = YES;
				CLANG_WARN_INT_CONVERSION = YES;
				CLANG_WARN_NON_LITERAL_NULL_CONVERSION = YES;
				CLANG_WARN_OBJC_IMPLICIT_RETAIN_SELF = YES;
				CLANG_WARN_OBJC_LITERAL_CONVERSION = YES;
				CLANG_WARN_OBJC_ROOT_CLASS = YES_ERROR;
				CLANG_WARN_QUOTED_INCLUDE_IN_FRAMEWORK_HEADER = YES;
				CLANG_WARN_RANGE_LOOP_ANALYSIS = YES;
				CLANG_WARN_STRICT_PROTOTYPES = YES;
				CLANG_WARN_SUSPICIOUS_MOVE = YES;
				CLANG_WARN_UNGUARDED_AVAILABILITY = YES_AGGRESSIVE;
				CLANG_WARN_UNREACHABLE_CODE = YES;
				CLANG_WARN__DUPLICATE_METHOD_MATCH = YES;
				COPY_PHASE_STRIP = NO;
				DEBUG_INFORMATION_FORMAT = dwarf;
				ENABLE_STRICT_OBJC_MSGSEND = YES;
				ENABLE_TESTABILITY = YES;
				ENABLE_USER_SCRIPT_SANDBOXING = YES;
				GCC_C_LANGUAGE_STANDARD = gnu17;
				GCC_DYNAMIC_NO_PIC = NO;
				GCC_NO_COMMON_BLOCKS = YES;
				GCC_OPTIMIZATION_LEVEL = 0;
				GCC_PREPROCESSOR_DEFINITIONS = (
					"DEBUG=1",
					"$(inherited)",
				);
				GCC_WARN_64_TO_32_BIT_CONVERSION = YES;
				GCC_WARN_ABOUT_RETURN_TYPE = YES_ERROR;
				GCC_WARN_UNDECLARED_SELECTOR = YES;
				GCC_WARN_UNINITIALIZED_AUTOS = YES_AGGRESSIVE;
				GCC_WARN_UNUSED_FUNCTION = YES;
				GCC_WARN_UNUSED_VARIABLE = YES;
				IPHONEOS_DEPLOYMENT_TARGET = 17.5;
				LOCALIZATION_PREFERS_STRING_CATALOGS = YES;
				MTL_ENABLE_DEBUG_INFO = INCLUDE_SOURCE;
				MTL_FAST_MATH = YES;
				ONLY_ACTIVE_ARCH = YES;
				SDKROOT = iphoneos;
				SWIFT_ACTIVE_COMPILATION_CONDITIONS = "DEBUG $(inherited)";
				SWIFT_OPTIMIZATION_LEVEL = "-Onone";
			};
			name = Debug;
		};
		F62B18412C73E47600158AA8 /* Release */ = {
			isa = XCBuildConfiguration;
			buildSettings = {
				ALWAYS_SEARCH_USER_PATHS = NO;
				ASSETCATALOG_COMPILER_GENERATE_SWIFT_ASSET_SYMBOL_EXTENSIONS = YES;
				CLANG_ANALYZER_NONNULL = YES;
				CLANG_ANALYZER_NUMBER_OBJECT_CONVERSION = YES_AGGRESSIVE;
				CLANG_CXX_LANGUAGE_STANDARD = "gnu++20";
				CLANG_ENABLE_MODULES = YES;
				CLANG_ENABLE_OBJC_ARC = YES;
				CLANG_ENABLE_OBJC_WEAK = YES;
				CLANG_WARN_BLOCK_CAPTURE_AUTORELEASING = YES;
				CLANG_WARN_BOOL_CONVERSION = YES;
				CLANG_WARN_COMMA = YES;
				CLANG_WARN_CONSTANT_CONVERSION = YES;
				CLANG_WARN_DEPRECATED_OBJC_IMPLEMENTATIONS = YES;
				CLANG_WARN_DIRECT_OBJC_ISA_USAGE = YES_ERROR;
				CLANG_WARN_DOCUMENTATION_COMMENTS = YES;
				CLANG_WARN_EMPTY_BODY = YES;
				CLANG_WARN_ENUM_CONVERSION = YES;
				CLANG_WARN_INFINITE_RECURSION = YES;
				CLANG_WARN_INT_CONVERSION = YES;
				CLANG_WARN_NON_LITERAL_NULL_CONVERSION = YES;
				CLANG_WARN_OBJC_IMPLICIT_RETAIN_SELF = YES;
				CLANG_WARN_OBJC_LITERAL_CONVERSION = YES;
				CLANG_WARN_OBJC_ROOT_CLASS = YES_ERROR;
				CLANG_WARN_QUOTED_INCLUDE_IN_FRAMEWORK_HEADER = YES;
				CLANG_WARN_RANGE_LOOP_ANALYSIS = YES;
				CLANG_WARN_STRICT_PROTOTYPES = YES;
				CLANG_WARN_SUSPICIOUS_MOVE = YES;
				CLANG_WARN_UNGUARDED_AVAILABILITY = YES_AGGRESSIVE;
				CLANG_WARN_UNREACHABLE_CODE = YES;
				CLANG_WARN__DUPLICATE_METHOD_MATCH = YES;
				COPY_PHASE_STRIP = NO;
				DEBUG_INFORMATION_FORMAT = "dwarf-with-dsym";
				ENABLE_NS_ASSERTIONS = NO;
				ENABLE_STRICT_OBJC_MSGSEND = YES;
				ENABLE_USER_SCRIPT_SANDBOXING = YES;
				GCC_C_LANGUAGE_STANDARD = gnu17;
				GCC_NO_COMMON_BLOCKS = YES;
				GCC_WARN_64_TO_32_BIT_CONVERSION = YES;
				GCC_WARN_ABOUT_RETURN_TYPE = YES_ERROR;
				GCC_WARN_UNDECLARED_SELECTOR = YES;
				GCC_WARN_UNINITIALIZED_AUTOS = YES_AGGRESSIVE;
				GCC_WARN_UNUSED_FUNCTION = YES;
				GCC_WARN_UNUSED_VARIABLE = YES;
				IPHONEOS_DEPLOYMENT_TARGET = 17.5;
				LOCALIZATION_PREFERS_STRING_CATALOGS = YES;
				MTL_ENABLE_DEBUG_INFO = NO;
				MTL_FAST_MATH = YES;
				SDKROOT = iphoneos;
				SWIFT_COMPILATION_MODE = wholemodule;
				VALIDATE_PRODUCT = YES;
			};
			name = Release;
		};
		F62B18432C73E47600158AA8 /* Debug */ = {
			isa = XCBuildConfiguration;
			buildSettings = {
				ASSETCATALOG_COMPILER_APPICON_NAME = AppIcon;
				ASSETCATALOG_COMPILER_GLOBAL_ACCENT_COLOR_NAME = AccentColor;
				CODE_SIGN_STYLE = Automatic;
				CURRENT_PROJECT_VERSION = 1;
				DEVELOPMENT_ASSET_PATHS = "\"WeatherAppSwiftUI/Preview Content\"";
				DEVELOPMENT_TEAM = 47V2Q8N9K4;
				ENABLE_PREVIEWS = YES;
				GENERATE_INFOPLIST_FILE = YES;
				INFOPLIST_KEY_UIApplicationSceneManifest_Generation = YES;
				INFOPLIST_KEY_UIApplicationSupportsIndirectInputEvents = YES;
				INFOPLIST_KEY_UILaunchScreen_Generation = YES;
				INFOPLIST_KEY_UISupportedInterfaceOrientations_iPad = "UIInterfaceOrientationPortrait UIInterfaceOrientationPortraitUpsideDown UIInterfaceOrientationLandscapeLeft UIInterfaceOrientationLandscapeRight";
				INFOPLIST_KEY_UISupportedInterfaceOrientations_iPhone = "UIInterfaceOrientationPortrait UIInterfaceOrientationLandscapeLeft UIInterfaceOrientationLandscapeRight";
				LD_RUNPATH_SEARCH_PATHS = (
					"$(inherited)",
					"@executable_path/Frameworks",
				);
				MARKETING_VERSION = 1.0;
				PRODUCT_BUNDLE_IDENTIFIER = com.skim.test.WeatherAppSwiftUI;
				PRODUCT_NAME = "$(TARGET_NAME)";
				SWIFT_EMIT_LOC_STRINGS = YES;
				SWIFT_VERSION = 5.0;
				TARGETED_DEVICE_FAMILY = "1,2";
			};
			name = Debug;
		};
		F62B18442C73E47600158AA8 /* Release */ = {
			isa = XCBuildConfiguration;
			buildSettings = {
				ASSETCATALOG_COMPILER_APPICON_NAME = AppIcon;
				ASSETCATALOG_COMPILER_GLOBAL_ACCENT_COLOR_NAME = AccentColor;
				CODE_SIGN_STYLE = Automatic;
				CURRENT_PROJECT_VERSION = 1;
				DEVELOPMENT_ASSET_PATHS = "\"WeatherAppSwiftUI/Preview Content\"";
				DEVELOPMENT_TEAM = 47V2Q8N9K4;
				ENABLE_PREVIEWS = YES;
				GENERATE_INFOPLIST_FILE = YES;
				INFOPLIST_KEY_UIApplicationSceneManifest_Generation = YES;
				INFOPLIST_KEY_UIApplicationSupportsIndirectInputEvents = YES;
				INFOPLIST_KEY_UILaunchScreen_Generation = YES;
				INFOPLIST_KEY_UISupportedInterfaceOrientations_iPad = "UIInterfaceOrientationPortrait UIInterfaceOrientationPortraitUpsideDown UIInterfaceOrientationLandscapeLeft UIInterfaceOrientationLandscapeRight";
				INFOPLIST_KEY_UISupportedInterfaceOrientations_iPhone = "UIInterfaceOrientationPortrait UIInterfaceOrientationLandscapeLeft UIInterfaceOrientationLandscapeRight";
				LD_RUNPATH_SEARCH_PATHS = (
					"$(inherited)",
					"@executable_path/Frameworks",
				);
				MARKETING_VERSION = 1.0;
				PRODUCT_BUNDLE_IDENTIFIER = com.skim.test.WeatherAppSwiftUI;
				PRODUCT_NAME = "$(TARGET_NAME)";
				SWIFT_EMIT_LOC_STRINGS = YES;
				SWIFT_VERSION = 5.0;
				TARGETED_DEVICE_FAMILY = "1,2";
			};
			name = Release;
		};
		F62B18462C73E47600158AA8 /* Debug */ = {
			isa = XCBuildConfiguration;
			buildSettings = {
				ALWAYS_EMBED_SWIFT_STANDARD_LIBRARIES = YES;
				BUNDLE_LOADER = "$(TEST_HOST)";
				CODE_SIGN_STYLE = Automatic;
				CURRENT_PROJECT_VERSION = 1;
				DEVELOPMENT_TEAM = 47V2Q8N9K4;
				GENERATE_INFOPLIST_FILE = YES;
				IPHONEOS_DEPLOYMENT_TARGET = 17.5;
				MARKETING_VERSION = 1.0;
				PRODUCT_BUNDLE_IDENTIFIER = com.skim.test.WeatherAppSwiftUITests;
				PRODUCT_NAME = "$(TARGET_NAME)";
				SWIFT_EMIT_LOC_STRINGS = NO;
				SWIFT_VERSION = 5.0;
				TARGETED_DEVICE_FAMILY = "1,2";
				TEST_HOST = "$(BUILT_PRODUCTS_DIR)/WeatherAppSwiftUI.app/$(BUNDLE_EXECUTABLE_FOLDER_PATH)/WeatherAppSwiftUI";
			};
			name = Debug;
		};
		F62B18472C73E47600158AA8 /* Release */ = {
			isa = XCBuildConfiguration;
			buildSettings = {
				ALWAYS_EMBED_SWIFT_STANDARD_LIBRARIES = YES;
				BUNDLE_LOADER = "$(TEST_HOST)";
				CODE_SIGN_STYLE = Automatic;
				CURRENT_PROJECT_VERSION = 1;
				DEVELOPMENT_TEAM = 47V2Q8N9K4;
				GENERATE_INFOPLIST_FILE = YES;
				IPHONEOS_DEPLOYMENT_TARGET = 17.5;
				MARKETING_VERSION = 1.0;
				PRODUCT_BUNDLE_IDENTIFIER = com.skim.test.WeatherAppSwiftUITests;
				PRODUCT_NAME = "$(TARGET_NAME)";
				SWIFT_EMIT_LOC_STRINGS = NO;
				SWIFT_VERSION = 5.0;
				TARGETED_DEVICE_FAMILY = "1,2";
				TEST_HOST = "$(BUILT_PRODUCTS_DIR)/WeatherAppSwiftUI.app/$(BUNDLE_EXECUTABLE_FOLDER_PATH)/WeatherAppSwiftUI";
			};
			name = Release;
		};
		F62B18492C73E47600158AA8 /* Debug */ = {
			isa = XCBuildConfiguration;
			buildSettings = {
				ALWAYS_EMBED_SWIFT_STANDARD_LIBRARIES = YES;
				CODE_SIGN_STYLE = Automatic;
				CURRENT_PROJECT_VERSION = 1;
				DEVELOPMENT_TEAM = 47V2Q8N9K4;
				GENERATE_INFOPLIST_FILE = YES;
				MARKETING_VERSION = 1.0;
				PRODUCT_BUNDLE_IDENTIFIER = com.skim.test.WeatherAppSwiftUIUITests;
				PRODUCT_NAME = "$(TARGET_NAME)";
				SWIFT_EMIT_LOC_STRINGS = NO;
				SWIFT_VERSION = 5.0;
				TARGETED_DEVICE_FAMILY = "1,2";
				TEST_TARGET_NAME = WeatherAppSwiftUI;
			};
			name = Debug;
		};
		F62B184A2C73E47600158AA8 /* Release */ = {
			isa = XCBuildConfiguration;
			buildSettings = {
				ALWAYS_EMBED_SWIFT_STANDARD_LIBRARIES = YES;
				CODE_SIGN_STYLE = Automatic;
				CURRENT_PROJECT_VERSION = 1;
				DEVELOPMENT_TEAM = 47V2Q8N9K4;
				GENERATE_INFOPLIST_FILE = YES;
				MARKETING_VERSION = 1.0;
				PRODUCT_BUNDLE_IDENTIFIER = com.skim.test.WeatherAppSwiftUIUITests;
				PRODUCT_NAME = "$(TARGET_NAME)";
				SWIFT_EMIT_LOC_STRINGS = NO;
				SWIFT_VERSION = 5.0;
				TARGETED_DEVICE_FAMILY = "1,2";
				TEST_TARGET_NAME = WeatherAppSwiftUI;
			};
			name = Release;
		};
/* End XCBuildConfiguration section */

/* Begin XCConfigurationList section */
		F62B18192C73E47500158AA8 /* Build configuration list for PBXProject "WeatherAppSwiftUI" */ = {
			isa = XCConfigurationList;
			buildConfigurations = (
				F62B18402C73E47600158AA8 /* Debug */,
				F62B18412C73E47600158AA8 /* Release */,
			);
			defaultConfigurationIsVisible = 0;
			defaultConfigurationName = Release;
		};
		F62B18422C73E47600158AA8 /* Build configuration list for PBXNativeTarget "WeatherAppSwiftUI" */ = {
			isa = XCConfigurationList;
			buildConfigurations = (
				F62B18432C73E47600158AA8 /* Debug */,
				F62B18442C73E47600158AA8 /* Release */,
			);
			defaultConfigurationIsVisible = 0;
			defaultConfigurationName = Release;
		};
		F62B18452C73E47600158AA8 /* Build configuration list for PBXNativeTarget "WeatherAppSwiftUITests" */ = {
			isa = XCConfigurationList;
			buildConfigurations = (
				F62B18462C73E47600158AA8 /* Debug */,
				F62B18472C73E47600158AA8 /* Release */,
			);
			defaultConfigurationIsVisible = 0;
			defaultConfigurationName = Release;
		};
		F62B18482C73E47600158AA8 /* Build configuration list for PBXNativeTarget "WeatherAppSwiftUIUITests" */ = {
			isa = XCConfigurationList;
			buildConfigurations = (
				F62B18492C73E47600158AA8 /* Debug */,
				F62B184A2C73E47600158AA8 /* Release */,
			);
			defaultConfigurationIsVisible = 0;
			defaultConfigurationName = Release;
		};
/* End XCConfigurationList section */
	};
	rootObject = F62B18162C73E47500158AA8 /* Project object */;
}
